
Microsoft Visual Studio Solution File, Format Version 12.00
# Visual Studio Version 16
VisualStudioVersion = 16.0.30128.74
MinimumVisualStudioVersion = 10.0.40219.1
Project("{FAE04EC0-301F-11D3-BF4B-00C04F79EFBC}") = "University.Web", "University.Web\University.Web.csproj", "{252C57C1-208D-4B60-A17C-F10AD447801B}"
EndProject
Project("{FAE04EC0-301F-11D3-BF4B-00C04F79EFBC}") = "University.BL", "University.BL\University.BL.csproj", "{9F3CC879-18D4-48E1-A947-D77D7EE5A0B7}"
EndProject
Global
	GlobalSection(SolutionConfigurationPlatforms) = preSolution
		Debug|Any CPU = Debug|Any CPU
		Release|Any CPU = Release|Any CPU
	EndGlobalSection
	GlobalSection(ProjectConfigurationPlatforms) = postSolution
		{252C57C1-208D-4B60-A17C-F10AD447801B}.Debug|Any CPU.ActiveCfg = Debug|Any CPU
		{252C57C1-208D-4B60-A17C-F10AD447801B}.Debug|Any CPU.Build.0 = Debug|Any CPU
		{252C57C1-208D-4B60-A17C-F10AD447801B}.Release|Any CPU.ActiveCfg = Release|Any CPU
		{252C57C1-208D-4B60-A17C-F10AD447801B}.Release|Any CPU.Build.0 = Release|Any CPU
		{9F3CC879-18D4-48E1-A947-D77D7EE5A0B7}.Debug|Any CPU.ActiveCfg = Debug|Any CPU
		{9F3CC879-18D4-48E1-A947-D77D7EE5A0B7}.Debug|Any CPU.Build.0 = Debug|Any CPU
		{9F3CC879-18D4-48E1-A947-D77D7EE5A0B7}.Release|Any CPU.ActiveCfg = Release|Any CPU
		{9F3CC879-18D4-48E1-A947-D77D7EE5A0B7}.Release|Any CPU.Build.0 = Release|Any CPU
	EndGlobalSection
	GlobalSection(SolutionProperties) = preSolution
		HideSolutionNode = FALSE
	EndGlobalSection
	GlobalSection(ExtensibilityGlobals) = postSolution
		SolutionGuid = {EB9EFA18-8674-4409-8857-9AC7B967EC19}
	EndGlobalSection
EndGlobal
